// !$*UTF8*$!
{
	archiveVersion = 1;
	classes = {
	};
	objectVersion = 56;
	objects = {

/* Begin PBXBuildFile section */
		F0840A682B92F587003C3495 /* DriverDemoApp.swift in Sources */ = {isa = PBXBuildFile; fileRef = F0840A672B92F587003C3495 /* DriverDemoApp.swift */; };
		F0840A6C2B92F590003C3495 /* Assets.xcassets in Resources */ = {isa = PBXBuildFile; fileRef = F0840A6B2B92F590003C3495 /* Assets.xcassets */; };
		F0840A6F2B92F590003C3495 /* Preview Assets.xcassets in Resources */ = {isa = PBXBuildFile; fileRef = F0840A6E2B92F590003C3495 /* Preview Assets.xcassets */; };
		F0840A962B930AB7003C3495 /* HomeView.swift in Sources */ = {isa = PBXBuildFile; fileRef = F0840A952B930AB7003C3495 /* HomeView.swift */; };
		F0840A982B930E21003C3495 /* UnAvailableView.swift in Sources */ = {isa = PBXBuildFile; fileRef = F0840A972B930E21003C3495 /* UnAvailableView.swift */; };
		F0840A9A2B9313E8003C3495 /* MainView.swift in Sources */ = {isa = PBXBuildFile; fileRef = F0840A992B9313E8003C3495 /* MainView.swift */; };
		F0840AA12B933D54003C3495 /* Tab.swift in Sources */ = {isa = PBXBuildFile; fileRef = F0840AA02B933D54003C3495 /* Tab.swift */; };
		F0840AA42B934124003C3495 /* UserProfileData.swift in Sources */ = {isa = PBXBuildFile; fileRef = F0840AA32B934124003C3495 /* UserProfileData.swift */; };
		F0840AA72B934719003C3495 /* Avatar.swift in Sources */ = {isa = PBXBuildFile; fileRef = F0840AA62B934719003C3495 /* Avatar.swift */; };
		F0840AA92B934B4F003C3495 /* WelcomeUser.swift in Sources */ = {isa = PBXBuildFile; fileRef = F0840AA82B934B4F003C3495 /* WelcomeUser.swift */; };
		F0840AAB2B934CF7003C3495 /* HomeHeaderView.swift in Sources */ = {isa = PBXBuildFile; fileRef = F0840AAA2B934CF7003C3495 /* HomeHeaderView.swift */; };
		F0840AAD2B938378003C3495 /* TabsViews.swift in Sources */ = {isa = PBXBuildFile; fileRef = F0840AAC2B938378003C3495 /* TabsViews.swift */; };
		F0840AAF2B939993003C3495 /* UserBusinessCard.swift in Sources */ = {isa = PBXBuildFile; fileRef = F0840AAE2B939993003C3495 /* UserBusinessCard.swift */; };
		F0840AB12B939C10003C3495 /* ActivityView.swift in Sources */ = {isa = PBXBuildFile; fileRef = F0840AB02B939C10003C3495 /* ActivityView.swift */; };
		F0840AB52B944EE8003C3495 /* MapView.swift in Sources */ = {isa = PBXBuildFile; fileRef = F0840AB42B944EE8003C3495 /* MapView.swift */; };
		F0840ABE2B947430003C3495 /* TasksView.swift in Sources */ = {isa = PBXBuildFile; fileRef = F0840ABD2B947430003C3495 /* TasksView.swift */; };
		F0840AC02B9492C1003C3495 /* TasksData.swift in Sources */ = {isa = PBXBuildFile; fileRef = F0840ABF2B9492C1003C3495 /* TasksData.swift */; };
		F0840AC92B95C4D9003C3495 /* AddTaskView.swift in Sources */ = {isa = PBXBuildFile; fileRef = F0840AC82B95C4D9003C3495 /* AddTaskView.swift */; };
		F0840ACB2B95F3E4003C3495 /* Task.swift in Sources */ = {isa = PBXBuildFile; fileRef = F0840ACA2B95F3E4003C3495 /* Task.swift */; };
		F0840ACD2B95F4CB003C3495 /* Category.swift in Sources */ = {isa = PBXBuildFile; fileRef = F0840ACC2B95F4CB003C3495 /* Category.swift */; };
		F0840ACF2B95F976003C3495 /* CreateCategoryView.swift in Sources */ = {isa = PBXBuildFile; fileRef = F0840ACE2B95F976003C3495 /* CreateCategoryView.swift */; };
/* End PBXBuildFile section */

/* Begin PBXContainerItemProxy section */
		F0840A752B92F590003C3495 /* PBXContainerItemProxy */ = {
			isa = PBXContainerItemProxy;
			containerPortal = F0840A5C2B92F587003C3495 /* Project object */;
			proxyType = 1;
			remoteGlobalIDString = F0840A632B92F587003C3495;
			remoteInfo = DriverDemo;
		};
		F0840A7F2B92F590003C3495 /* PBXContainerItemProxy */ = {
			isa = PBXContainerItemProxy;
			containerPortal = F0840A5C2B92F587003C3495 /* Project object */;
			proxyType = 1;
			remoteGlobalIDString = F0840A632B92F587003C3495;
			remoteInfo = DriverDemo;
		};
/* End PBXContainerItemProxy section */

/* Begin PBXFileReference section */
		F0840A642B92F587003C3495 /* DriverDemo.app */ = {isa = PBXFileReference; explicitFileType = wrapper.application; includeInIndex = 0; path = DriverDemo.app; sourceTree = BUILT_PRODUCTS_DIR; };
		F0840A672B92F587003C3495 /* DriverDemoApp.swift */ = {isa = PBXFileReference; lastKnownFileType = sourcecode.swift; path = DriverDemoApp.swift; sourceTree = "<group>"; };
		F0840A6B2B92F590003C3495 /* Assets.xcassets */ = {isa = PBXFileReference; lastKnownFileType = folder.assetcatalog; path = Assets.xcassets; sourceTree = "<group>"; };
		F0840A6E2B92F590003C3495 /* Preview Assets.xcassets */ = {isa = PBXFileReference; lastKnownFileType = folder.assetcatalog; path = "Preview Assets.xcassets"; sourceTree = "<group>"; };
		F0840A742B92F590003C3495 /* DriverDemoTests.xctest */ = {isa = PBXFileReference; explicitFileType = wrapper.cfbundle; includeInIndex = 0; path = DriverDemoTests.xctest; sourceTree = BUILT_PRODUCTS_DIR; };
		F0840A7E2B92F590003C3495 /* DriverDemoUITests.xctest */ = {isa = PBXFileReference; explicitFileType = wrapper.cfbundle; includeInIndex = 0; path = DriverDemoUITests.xctest; sourceTree = BUILT_PRODUCTS_DIR; };
		F0840A952B930AB7003C3495 /* HomeView.swift */ = {isa = PBXFileReference; lastKnownFileType = sourcecode.swift; path = HomeView.swift; sourceTree = "<group>"; };
		F0840A972B930E21003C3495 /* UnAvailableView.swift */ = {isa = PBXFileReference; lastKnownFileType = sourcecode.swift; path = UnAvailableView.swift; sourceTree = "<group>"; };
		F0840A992B9313E8003C3495 /* MainView.swift */ = {isa = PBXFileReference; lastKnownFileType = sourcecode.swift; path = MainView.swift; sourceTree = "<group>"; };
		F0840AA02B933D54003C3495 /* Tab.swift */ = {isa = PBXFileReference; lastKnownFileType = sourcecode.swift; path = Tab.swift; sourceTree = "<group>"; };
		F0840AA32B934124003C3495 /* UserProfileData.swift */ = {isa = PBXFileReference; lastKnownFileType = sourcecode.swift; path = UserProfileData.swift; sourceTree = "<group>"; };
		F0840AA62B934719003C3495 /* Avatar.swift */ = {isa = PBXFileReference; lastKnownFileType = sourcecode.swift; path = Avatar.swift; sourceTree = "<group>"; };
		F0840AA82B934B4F003C3495 /* WelcomeUser.swift */ = {isa = PBXFileReference; lastKnownFileType = sourcecode.swift; path = WelcomeUser.swift; sourceTree = "<group>"; };
		F0840AAA2B934CF7003C3495 /* HomeHeaderView.swift */ = {isa = PBXFileReference; lastKnownFileType = sourcecode.swift; path = HomeHeaderView.swift; sourceTree = "<group>"; };
		F0840AAC2B938378003C3495 /* TabsViews.swift */ = {isa = PBXFileReference; lastKnownFileType = sourcecode.swift; path = TabsViews.swift; sourceTree = "<group>"; };
		F0840AAE2B939993003C3495 /* UserBusinessCard.swift */ = {isa = PBXFileReference; lastKnownFileType = sourcecode.swift; path = UserBusinessCard.swift; sourceTree = "<group>"; };
		F0840AB02B939C10003C3495 /* ActivityView.swift */ = {isa = PBXFileReference; lastKnownFileType = sourcecode.swift; path = ActivityView.swift; sourceTree = "<group>"; };
		F0840AB42B944EE8003C3495 /* MapView.swift */ = {isa = PBXFileReference; lastKnownFileType = sourcecode.swift; path = MapView.swift; sourceTree = "<group>"; };
		F0840ABD2B947430003C3495 /* TasksView.swift */ = {isa = PBXFileReference; lastKnownFileType = sourcecode.swift; path = TasksView.swift; sourceTree = "<group>"; };
		F0840ABF2B9492C1003C3495 /* TasksData.swift */ = {isa = PBXFileReference; lastKnownFileType = sourcecode.swift; path = TasksData.swift; sourceTree = "<group>"; };
		F0840AC82B95C4D9003C3495 /* AddTaskView.swift */ = {isa = PBXFileReference; lastKnownFileType = sourcecode.swift; path = AddTaskView.swift; sourceTree = "<group>"; };
		F0840ACA2B95F3E4003C3495 /* Task.swift */ = {isa = PBXFileReference; lastKnownFileType = sourcecode.swift; path = Task.swift; sourceTree = "<group>"; };
		F0840ACC2B95F4CB003C3495 /* Category.swift */ = {isa = PBXFileReference; lastKnownFileType = sourcecode.swift; path = Category.swift; sourceTree = "<group>"; };
		F0840ACE2B95F976003C3495 /* CreateCategoryView.swift */ = {isa = PBXFileReference; lastKnownFileType = sourcecode.swift; path = CreateCategoryView.swift; sourceTree = "<group>"; };
/* End PBXFileReference section */

/* Begin PBXFrameworksBuildPhase section */
		F0840A612B92F587003C3495 /* Frameworks */ = {
			isa = PBXFrameworksBuildPhase;
			buildActionMask = 2147483647;
			files = (
			);
			runOnlyForDeploymentPostprocessing = 0;
		};
		F0840A712B92F590003C3495 /* Frameworks */ = {
			isa = PBXFrameworksBuildPhase;
			buildActionMask = 2147483647;
			files = (
			);
			runOnlyForDeploymentPostprocessing = 0;
		};
		F0840A7B2B92F590003C3495 /* Frameworks */ = {
			isa = PBXFrameworksBuildPhase;
			buildActionMask = 2147483647;
			files = (
			);
			runOnlyForDeploymentPostprocessing = 0;
		};
/* End PBXFrameworksBuildPhase section */

/* Begin PBXGroup section */
		F0840A5B2B92F587003C3495 = {
			isa = PBXGroup;
			children = (
				F0840A662B92F587003C3495 /* DriverDemo */,
				F0840A652B92F587003C3495 /* Products */,
			);
			sourceTree = "<group>";
		};
		F0840A652B92F587003C3495 /* Products */ = {
			isa = PBXGroup;
			children = (
				F0840A642B92F587003C3495 /* DriverDemo.app */,
				F0840A742B92F590003C3495 /* DriverDemoTests.xctest */,
				F0840A7E2B92F590003C3495 /* DriverDemoUITests.xctest */,
			);
			name = Products;
			sourceTree = "<group>";
		};
		F0840A662B92F587003C3495 /* DriverDemo */ = {
			isa = PBXGroup;
			children = (
				F0840AC52B95B5CC003C3495 /* Model */,
				F0840AB22B944811003C3495 /* Utility */,
				F0840AA52B9346EF003C3495 /* UI */,
				F0840AA22B9340F9003C3495 /* Data */,
				F0840A932B930A8A003C3495 /* Views */,
				F0840A672B92F587003C3495 /* DriverDemoApp.swift */,
				F0840A6B2B92F590003C3495 /* Assets.xcassets */,
				F0840A6D2B92F590003C3495 /* Preview Content */,
			);
			path = DriverDemo;
			sourceTree = "<group>";
		};
		F0840A6D2B92F590003C3495 /* Preview Content */ = {
			isa = PBXGroup;
			children = (
				F0840A6E2B92F590003C3495 /* Preview Assets.xcassets */,
			);
			path = "Preview Content";
			sourceTree = "<group>";
		};
		F0840A932B930A8A003C3495 /* Views */ = {
			isa = PBXGroup;
			children = (
				F0840ABA2B9473C0003C3495 /* Tasks */,
				F0840AB32B944EB5003C3495 /* Map */,
				F0840A942B930A94003C3495 /* Home */,
				F0840A972B930E21003C3495 /* UnAvailableView.swift */,
				F0840A992B9313E8003C3495 /* MainView.swift */,
			);
			path = Views;
			sourceTree = "<group>";
		};
		F0840A942B930A94003C3495 /* Home */ = {
			isa = PBXGroup;
			children = (
				F0840A952B930AB7003C3495 /* HomeView.swift */,
				F0840AAA2B934CF7003C3495 /* HomeHeaderView.swift */,
			);
			path = Home;
			sourceTree = "<group>";
		};
		F0840AA22B9340F9003C3495 /* Data */ = {
			isa = PBXGroup;
			children = (
				F0840AA02B933D54003C3495 /* Tab.swift */,
				F0840AA32B934124003C3495 /* UserProfileData.swift */,
				F0840ABF2B9492C1003C3495 /* TasksData.swift */,
			);
			path = Data;
			sourceTree = "<group>";
		};
		F0840AA52B9346EF003C3495 /* UI */ = {
			isa = PBXGroup;
			children = (
				F0840AA62B934719003C3495 /* Avatar.swift */,
				F0840AA82B934B4F003C3495 /* WelcomeUser.swift */,
				F0840AAC2B938378003C3495 /* TabsViews.swift */,
				F0840AAE2B939993003C3495 /* UserBusinessCard.swift */,
			);
			path = UI;
			sourceTree = "<group>";
		};
		F0840AB22B944811003C3495 /* Utility */ = {
			isa = PBXGroup;
			children = (
				F0840AB02B939C10003C3495 /* ActivityView.swift */,
			);
			path = Utility;
			sourceTree = "<group>";
		};
		F0840AB32B944EB5003C3495 /* Map */ = {
			isa = PBXGroup;
			children = (
				F0840AB42B944EE8003C3495 /* MapView.swift */,
			);
			path = Map;
			sourceTree = "<group>";
		};
		F0840ABA2B9473C0003C3495 /* Tasks */ = {
			isa = PBXGroup;
			children = (
				F0840ABD2B947430003C3495 /* TasksView.swift */,
				F0840AC82B95C4D9003C3495 /* AddTaskView.swift */,
				F0840ACE2B95F976003C3495 /* CreateCategoryView.swift */,
			);
			path = Tasks;
			sourceTree = "<group>";
		};
		F0840AC52B95B5CC003C3495 /* Model */ = {
			isa = PBXGroup;
			children = (
				F0840ACA2B95F3E4003C3495 /* Task.swift */,
				F0840ACC2B95F4CB003C3495 /* Category.swift */,
			);
			path = Model;
			sourceTree = "<group>";
		};
/* End PBXGroup section */

/* Begin PBXNativeTarget section */
		F0840A632B92F587003C3495 /* DriverDemo */ = {
			isa = PBXNativeTarget;
			buildConfigurationList = F0840A882B92F590003C3495 /* Build configuration list for PBXNativeTarget "DriverDemo" */;
			buildPhases = (
				F0840A602B92F587003C3495 /* Sources */,
				F0840A612B92F587003C3495 /* Frameworks */,
				F0840A622B92F587003C3495 /* Resources */,
			);
			buildRules = (
			);
			dependencies = (
			);
			name = DriverDemo;
			productName = DriverDemo;
			productReference = F0840A642B92F587003C3495 /* DriverDemo.app */;
			productType = "com.apple.product-type.application";
		};
		F0840A732B92F590003C3495 /* DriverDemoTests */ = {
			isa = PBXNativeTarget;
			buildConfigurationList = F0840A8B2B92F590003C3495 /* Build configuration list for PBXNativeTarget "DriverDemoTests" */;
			buildPhases = (
				F0840A702B92F590003C3495 /* Sources */,
				F0840A712B92F590003C3495 /* Frameworks */,
				F0840A722B92F590003C3495 /* Resources */,
			);
			buildRules = (
			);
			dependencies = (
				F0840A762B92F590003C3495 /* PBXTargetDependency */,
			);
			name = DriverDemoTests;
			productName = DriverDemoTests;
			productReference = F0840A742B92F590003C3495 /* DriverDemoTests.xctest */;
			productType = "com.apple.product-type.bundle.unit-test";
		};
		F0840A7D2B92F590003C3495 /* DriverDemoUITests */ = {
			isa = PBXNativeTarget;
			buildConfigurationList = F0840A8E2B92F590003C3495 /* Build configuration list for PBXNativeTarget "DriverDemoUITests" */;
			buildPhases = (
				F0840A7A2B92F590003C3495 /* Sources */,
				F0840A7B2B92F590003C3495 /* Frameworks */,
				F0840A7C2B92F590003C3495 /* Resources */,
			);
			buildRules = (
			);
			dependencies = (
				F0840A802B92F590003C3495 /* PBXTargetDependency */,
			);
			name = DriverDemoUITests;
			productName = DriverDemoUITests;
			productReference = F0840A7E2B92F590003C3495 /* DriverDemoUITests.xctest */;
			productType = "com.apple.product-type.bundle.ui-testing";
		};
/* End PBXNativeTarget section */

/* Begin PBXProject section */
		F0840A5C2B92F587003C3495 /* Project object */ = {
			isa = PBXProject;
			attributes = {
				BuildIndependentTargetsInParallel = 1;
				LastSwiftUpdateCheck = 1520;
				LastUpgradeCheck = 1520;
				TargetAttributes = {
					F0840A632B92F587003C3495 = {
						CreatedOnToolsVersion = 15.2;
					};
					F0840A732B92F590003C3495 = {
						CreatedOnToolsVersion = 15.2;
						TestTargetID = F0840A632B92F587003C3495;
					};
					F0840A7D2B92F590003C3495 = {
						CreatedOnToolsVersion = 15.2;
						TestTargetID = F0840A632B92F587003C3495;
					};
				};
			};
			buildConfigurationList = F0840A5F2B92F587003C3495 /* Build configuration list for PBXProject "DriverDemo" */;
			compatibilityVersion = "Xcode 14.0";
			developmentRegion = en;
			hasScannedForEncodings = 0;
			knownRegions = (
				en,
				Base,
			);
			mainGroup = F0840A5B2B92F587003C3495;
			productRefGroup = F0840A652B92F587003C3495 /* Products */;
			projectDirPath = "";
			projectRoot = "";
			targets = (
				F0840A632B92F587003C3495 /* DriverDemo */,
				F0840A732B92F590003C3495 /* DriverDemoTests */,
				F0840A7D2B92F590003C3495 /* DriverDemoUITests */,
			);
		};
/* End PBXProject section */

/* Begin PBXResourcesBuildPhase section */
		F0840A622B92F587003C3495 /* Resources */ = {
			isa = PBXResourcesBuildPhase;
			buildActionMask = 2147483647;
			files = (
				F0840A6F2B92F590003C3495 /* Preview Assets.xcassets in Resources */,
				F0840A6C2B92F590003C3495 /* Assets.xcassets in Resources */,
			);
			runOnlyForDeploymentPostprocessing = 0;
		};
		F0840A722B92F590003C3495 /* Resources */ = {
			isa = PBXResourcesBuildPhase;
			buildActionMask = 2147483647;
			files = (
			);
			runOnlyForDeploymentPostprocessing = 0;
		};
		F0840A7C2B92F590003C3495 /* Resources */ = {
			isa = PBXResourcesBuildPhase;
			buildActionMask = 2147483647;
			files = (
			);
			runOnlyForDeploymentPostprocessing = 0;
		};
/* End PBXResourcesBuildPhase section */

/* Begin PBXSourcesBuildPhase section */
		F0840A602B92F587003C3495 /* Sources */ = {
			isa = PBXSourcesBuildPhase;
			buildActionMask = 2147483647;
			files = (
				F0840AA12B933D54003C3495 /* Tab.swift in Sources */,
				F0840AAF2B939993003C3495 /* UserBusinessCard.swift in Sources */,
				F0840A9A2B9313E8003C3495 /* MainView.swift in Sources */,
				F0840AC92B95C4D9003C3495 /* AddTaskView.swift in Sources */,
				F0840AA42B934124003C3495 /* UserProfileData.swift in Sources */,
				F0840ACD2B95F4CB003C3495 /* Category.swift in Sources */,
				F0840ABE2B947430003C3495 /* TasksView.swift in Sources */,
				F0840AB52B944EE8003C3495 /* MapView.swift in Sources */,
				F0840AAB2B934CF7003C3495 /* HomeHeaderView.swift in Sources */,
				F0840AB12B939C10003C3495 /* ActivityView.swift in Sources */,
				F0840A982B930E21003C3495 /* UnAvailableView.swift in Sources */,
				F0840ACF2B95F976003C3495 /* CreateCategoryView.swift in Sources */,
				F0840AA72B934719003C3495 /* Avatar.swift in Sources */,
				F0840AC02B9492C1003C3495 /* TasksData.swift in Sources */,
				F0840AAD2B938378003C3495 /* TabsViews.swift in Sources */,
				F0840A962B930AB7003C3495 /* HomeView.swift in Sources */,
				F0840A682B92F587003C3495 /* DriverDemoApp.swift in Sources */,
				F0840ACB2B95F3E4003C3495 /* Task.swift in Sources */,
				F0840AA92B934B4F003C3495 /* WelcomeUser.swift in Sources */,
			);
			runOnlyForDeploymentPostprocessing = 0;
		};
		F0840A702B92F590003C3495 /* Sources */ = {
			isa = PBXSourcesBuildPhase;
			buildActionMask = 2147483647;
			files = (
			);
			runOnlyForDeploymentPostprocessing = 0;
		};
		F0840A7A2B92F590003C3495 /* Sources */ = {
			isa = PBXSourcesBuildPhase;
			buildActionMask = 2147483647;
			files = (
			);
			runOnlyForDeploymentPostprocessing = 0;
		};
/* End PBXSourcesBuildPhase section */

/* Begin PBXTargetDependency section */
		F0840A762B92F590003C3495 /* PBXTargetDependency */ = {
			isa = PBXTargetDependency;
			target = F0840A632B92F587003C3495 /* DriverDemo */;
			targetProxy = F0840A752B92F590003C3495 /* PBXContainerItemProxy */;
		};
		F0840A802B92F590003C3495 /* PBXTargetDependency */ = {
			isa = PBXTargetDependency;
			target = F0840A632B92F587003C3495 /* DriverDemo */;
			targetProxy = F0840A7F2B92F590003C3495 /* PBXContainerItemProxy */;
		};
/* End PBXTargetDependency section */

/* Begin XCBuildConfiguration section */
		F0840A862B92F590003C3495 /* Debug */ = {
			isa = XCBuildConfiguration;
			buildSettings = {
				ALWAYS_SEARCH_USER_PATHS = NO;
				ASSETCATALOG_COMPILER_GENERATE_SWIFT_ASSET_SYMBOL_EXTENSIONS = YES;
				CLANG_ANALYZER_NONNULL = YES;
				CLANG_ANALYZER_NUMBER_OBJECT_CONVERSION = YES_AGGRESSIVE;
				CLANG_CXX_LANGUAGE_STANDARD = "gnu++20";
				CLANG_ENABLE_MODULES = YES;
				CLANG_ENABLE_OBJC_ARC = YES;
				CLANG_ENABLE_OBJC_WEAK = YES;
				CLANG_WARN_BLOCK_CAPTURE_AUTORELEASING = YES;
				CLANG_WARN_BOOL_CONVERSION = YES;
				CLANG_WARN_COMMA = YES;
				CLANG_WARN_CONSTANT_CONVERSION = YES;
				CLANG_WARN_DEPRECATED_OBJC_IMPLEMENTATIONS = YES;
				CLANG_WARN_DIRECT_OBJC_ISA_USAGE = YES_ERROR;
				CLANG_WARN_DOCUMENTATION_COMMENTS = YES;
				CLANG_WARN_EMPTY_BODY = YES;
				CLANG_WARN_ENUM_CONVERSION = YES;
				CLANG_WARN_INFINITE_RECURSION = YES;
				CLANG_WARN_INT_CONVERSION = YES;
				CLANG_WARN_NON_LITERAL_NULL_CONVERSION = YES;
				CLANG_WARN_OBJC_IMPLICIT_RETAIN_SELF = YES;
				CLANG_WARN_OBJC_LITERAL_CONVERSION = YES;
				CLANG_WARN_OBJC_ROOT_CLASS = YES_ERROR;
				CLANG_WARN_QUOTED_INCLUDE_IN_FRAMEWORK_HEADER = YES;
				CLANG_WARN_RANGE_LOOP_ANALYSIS = YES;
				CLANG_WARN_STRICT_PROTOTYPES = YES;
				CLANG_WARN_SUSPICIOUS_MOVE = YES;
				CLANG_WARN_UNGUARDED_AVAILABILITY = YES_AGGRESSIVE;
				CLANG_WARN_UNREACHABLE_CODE = YES;
				CLANG_WARN__DUPLICATE_METHOD_MATCH = YES;
				COPY_PHASE_STRIP = NO;
				DEBUG_INFORMATION_FORMAT = dwarf;
				ENABLE_STRICT_OBJC_MSGSEND = YES;
				ENABLE_TESTABILITY = YES;
				ENABLE_USER_SCRIPT_SANDBOXING = YES;
				GCC_C_LANGUAGE_STANDARD = gnu17;
				GCC_DYNAMIC_NO_PIC = NO;
				GCC_NO_COMMON_BLOCKS = YES;
				GCC_OPTIMIZATION_LEVEL = 0;
				GCC_PREPROCESSOR_DEFINITIONS = (
					"DEBUG=1",
					"$(inherited)",
				);
				GCC_WARN_64_TO_32_BIT_CONVERSION = YES;
				GCC_WARN_ABOUT_RETURN_TYPE = YES_ERROR;
				GCC_WARN_UNDECLARED_SELECTOR = YES;
				GCC_WARN_UNINITIALIZED_AUTOS = YES_AGGRESSIVE;
				GCC_WARN_UNUSED_FUNCTION = YES;
				GCC_WARN_UNUSED_VARIABLE = YES;
				IPHONEOS_DEPLOYMENT_TARGET = 17.2;
				LOCALIZATION_PREFERS_STRING_CATALOGS = YES;
				MTL_ENABLE_DEBUG_INFO = INCLUDE_SOURCE;
				MTL_FAST_MATH = YES;
				ONLY_ACTIVE_ARCH = YES;
				SDKROOT = iphoneos;
				SWIFT_ACTIVE_COMPILATION_CONDITIONS = "DEBUG $(inherited)";
				SWIFT_OPTIMIZATION_LEVEL = "-Onone";
			};
			name = Debug;
		};
		F0840A872B92F590003C3495 /* Release */ = {
			isa = XCBuildConfiguration;
			buildSettings = {
				ALWAYS_SEARCH_USER_PATHS = NO;
				ASSETCATALOG_COMPILER_GENERATE_SWIFT_ASSET_SYMBOL_EXTENSIONS = YES;
				CLANG_ANALYZER_NONNULL = YES;
				CLANG_ANALYZER_NUMBER_OBJECT_CONVERSION = YES_AGGRESSIVE;
				CLANG_CXX_LANGUAGE_STANDARD = "gnu++20";
				CLANG_ENABLE_MODULES = YES;
				CLANG_ENABLE_OBJC_ARC = YES;
				CLANG_ENABLE_OBJC_WEAK = YES;
				CLANG_WARN_BLOCK_CAPTURE_AUTORELEASING = YES;
				CLANG_WARN_BOOL_CONVERSION = YES;
				CLANG_WARN_COMMA = YES;
				CLANG_WARN_CONSTANT_CONVERSION = YES;
				CLANG_WARN_DEPRECATED_OBJC_IMPLEMENTATIONS = YES;
				CLANG_WARN_DIRECT_OBJC_ISA_USAGE = YES_ERROR;
				CLANG_WARN_DOCUMENTATION_COMMENTS = YES;
				CLANG_WARN_EMPTY_BODY = YES;
				CLANG_WARN_ENUM_CONVERSION = YES;
				CLANG_WARN_INFINITE_RECURSION = YES;
				CLANG_WARN_INT_CONVERSION = YES;
				CLANG_WARN_NON_LITERAL_NULL_CONVERSION = YES;
				CLANG_WARN_OBJC_IMPLICIT_RETAIN_SELF = YES;
				CLANG_WARN_OBJC_LITERAL_CONVERSION = YES;
				CLANG_WARN_OBJC_ROOT_CLASS = YES_ERROR;
				CLANG_WARN_QUOTED_INCLUDE_IN_FRAMEWORK_HEADER = YES;
				CLANG_WARN_RANGE_LOOP_ANALYSIS = YES;
				CLANG_WARN_STRICT_PROTOTYPES = YES;
				CLANG_WARN_SUSPICIOUS_MOVE = YES;
				CLANG_WARN_UNGUARDED_AVAILABILITY = YES_AGGRESSIVE;
				CLANG_WARN_UNREACHABLE_CODE = YES;
				CLANG_WARN__DUPLICATE_METHOD_MATCH = YES;
				COPY_PHASE_STRIP = NO;
				DEBUG_INFORMATION_FORMAT = "dwarf-with-dsym";
				ENABLE_NS_ASSERTIONS = NO;
				ENABLE_STRICT_OBJC_MSGSEND = YES;
				ENABLE_USER_SCRIPT_SANDBOXING = YES;
				GCC_C_LANGUAGE_STANDARD = gnu17;
				GCC_NO_COMMON_BLOCKS = YES;
				GCC_WARN_64_TO_32_BIT_CONVERSION = YES;
				GCC_WARN_ABOUT_RETURN_TYPE = YES_ERROR;
				GCC_WARN_UNDECLARED_SELECTOR = YES;
				GCC_WARN_UNINITIALIZED_AUTOS = YES_AGGRESSIVE;
				GCC_WARN_UNUSED_FUNCTION = YES;
				GCC_WARN_UNUSED_VARIABLE = YES;
				IPHONEOS_DEPLOYMENT_TARGET = 17.2;
				LOCALIZATION_PREFERS_STRING_CATALOGS = YES;
				MTL_ENABLE_DEBUG_INFO = NO;
				MTL_FAST_MATH = YES;
				SDKROOT = iphoneos;
				SWIFT_COMPILATION_MODE = wholemodule;
				VALIDATE_PRODUCT = YES;
			};
			name = Release;
		};
		F0840A892B92F590003C3495 /* Debug */ = {
			isa = XCBuildConfiguration;
			buildSettings = {
				ASSETCATALOG_COMPILER_APPICON_NAME = AppIcon;
				ASSETCATALOG_COMPILER_GLOBAL_ACCENT_COLOR_NAME = AccentColor;
				CODE_SIGN_STYLE = Automatic;
				CURRENT_PROJECT_VERSION = 1;
				DEVELOPMENT_ASSET_PATHS = "\"DriverDemo/Preview Content\"";
				ENABLE_PREVIEWS = YES;
				GENERATE_INFOPLIST_FILE = YES;
				INFOPLIST_KEY_NSLocationWhenInUseUsageDescription = "We need to access the location to show all transportion ";
				INFOPLIST_KEY_UIApplicationSceneManifest_Generation = YES;
				INFOPLIST_KEY_UIApplicationSupportsIndirectInputEvents = YES;
				INFOPLIST_KEY_UILaunchScreen_Generation = YES;
				INFOPLIST_KEY_UISupportedInterfaceOrientations_iPad = "UIInterfaceOrientationPortrait UIInterfaceOrientationPortraitUpsideDown UIInterfaceOrientationLandscapeLeft UIInterfaceOrientationLandscapeRight";
				INFOPLIST_KEY_UISupportedInterfaceOrientations_iPhone = "UIInterfaceOrientationPortrait UIInterfaceOrientationLandscapeLeft UIInterfaceOrientationLandscapeRight";
				LD_RUNPATH_SEARCH_PATHS = (
					"$(inherited)",
					"@executable_path/Frameworks",
				);
				MARKETING_VERSION = 1.0;
				PRODUCT_BUNDLE_IDENTIFIER = AmmarDev.DriverDemo;
				PRODUCT_NAME = "$(TARGET_NAME)";
				SWIFT_EMIT_LOC_STRINGS = YES;
				SWIFT_VERSION = 5.0;
				TARGETED_DEVICE_FAMILY = "1,2";
			};
			name = Debug;
		};
		F0840A8A2B92F590003C3495 /* Release */ = {
			isa = XCBuildConfiguration;
			buildSettings = {
				ASSETCATALOG_COMPILER_APPICON_NAME = AppIcon;
				ASSETCATALOG_COMPILER_GLOBAL_ACCENT_COLOR_NAME = AccentColor;
				CODE_SIGN_STYLE = Automatic;
				CURRENT_PROJECT_VERSION = 1;
				DEVELOPMENT_ASSET_PATHS = "\"DriverDemo/Preview Content\"";
				ENABLE_PREVIEWS = YES;
				GENERATE_INFOPLIST_FILE = YES;
				INFOPLIST_KEY_NSLocationWhenInUseUsageDescription = "We need to access the location to show all transportion ";
				INFOPLIST_KEY_UIApplicationSceneManifest_Generation = YES;
				INFOPLIST_KEY_UIApplicationSupportsIndirectInputEvents = YES;
				INFOPLIST_KEY_UILaunchScreen_Generation = YES;
				INFOPLIST_KEY_UISupportedInterfaceOrientations_iPad = "UIInterfaceOrientationPortrait UIInterfaceOrientationPortraitUpsideDown UIInterfaceOrientationLandscapeLeft UIInterfaceOrientationLandscapeRight";
				INFOPLIST_KEY_UISupportedInterfaceOrientations_iPhone = "UIInterfaceOrientationPortrait UIInterfaceOrientationLandscapeLeft UIInterfaceOrientationLandscapeRight";
				LD_RUNPATH_SEARCH_PATHS = (
					"$(inherited)",
					"@executable_path/Frameworks",
				);
				MARKETING_VERSION = 1.0;
				PRODUCT_BUNDLE_IDENTIFIER = AmmarDev.DriverDemo;
				PRODUCT_NAME = "$(TARGET_NAME)";
				SWIFT_EMIT_LOC_STRINGS = YES;
				SWIFT_VERSION = 5.0;
				TARGETED_DEVICE_FAMILY = "1,2";
			};
			name = Release;
		};
		F0840A8C2B92F590003C3495 /* Debug */ = {
			isa = XCBuildConfiguration;
			buildSettings = {
				ALWAYS_EMBED_SWIFT_STANDARD_LIBRARIES = YES;
				BUNDLE_LOADER = "$(TEST_HOST)";
				CODE_SIGN_STYLE = Automatic;
				CURRENT_PROJECT_VERSION = 1;
				GENERATE_INFOPLIST_FILE = YES;
				IPHONEOS_DEPLOYMENT_TARGET = 17.2;
				MARKETING_VERSION = 1.0;
				PRODUCT_BUNDLE_IDENTIFIER = AmmarDev.DriverDemoTests;
				PRODUCT_NAME = "$(TARGET_NAME)";
				SWIFT_EMIT_LOC_STRINGS = NO;
				SWIFT_VERSION = 5.0;
				TARGETED_DEVICE_FAMILY = "1,2";
				TEST_HOST = "$(BUILT_PRODUCTS_DIR)/DriverDemo.app/$(BUNDLE_EXECUTABLE_FOLDER_PATH)/DriverDemo";
			};
			name = Debug;
		};
		F0840A8D2B92F590003C3495 /* Release */ = {
			isa = XCBuildConfiguration;
			buildSettings = {
				ALWAYS_EMBED_SWIFT_STANDARD_LIBRARIES = YES;
				BUNDLE_LOADER = "$(TEST_HOST)";
				CODE_SIGN_STYLE = Automatic;
				CURRENT_PROJECT_VERSION = 1;
				GENERATE_INFOPLIST_FILE = YES;
				IPHONEOS_DEPLOYMENT_TARGET = 17.2;
				MARKETING_VERSION = 1.0;
				PRODUCT_BUNDLE_IDENTIFIER = AmmarDev.DriverDemoTests;
				PRODUCT_NAME = "$(TARGET_NAME)";
				SWIFT_EMIT_LOC_STRINGS = NO;
				SWIFT_VERSION = 5.0;
				TARGETED_DEVICE_FAMILY = "1,2";
				TEST_HOST = "$(BUILT_PRODUCTS_DIR)/DriverDemo.app/$(BUNDLE_EXECUTABLE_FOLDER_PATH)/DriverDemo";
			};
			name = Release;
		};
		F0840A8F2B92F590003C3495 /* Debug */ = {
			isa = XCBuildConfiguration;
			buildSettings = {
				ALWAYS_EMBED_SWIFT_STANDARD_LIBRARIES = YES;
				CODE_SIGN_STYLE = Automatic;
				CURRENT_PROJECT_VERSION = 1;
				GENERATE_INFOPLIST_FILE = YES;
				MARKETING_VERSION = 1.0;
				PRODUCT_BUNDLE_IDENTIFIER = AmmarDev.DriverDemoUITests;
				PRODUCT_NAME = "$(TARGET_NAME)";
				SWIFT_EMIT_LOC_STRINGS = NO;
				SWIFT_VERSION = 5.0;
				TARGETED_DEVICE_FAMILY = "1,2";
				TEST_TARGET_NAME = DriverDemo;
			};
			name = Debug;
		};
		F0840A902B92F590003C3495 /* Release */ = {
			isa = XCBuildConfiguration;
			buildSettings = {
				ALWAYS_EMBED_SWIFT_STANDARD_LIBRARIES = YES;
				CODE_SIGN_STYLE = Automatic;
				CURRENT_PROJECT_VERSION = 1;
				GENERATE_INFOPLIST_FILE = YES;
				MARKETING_VERSION = 1.0;
				PRODUCT_BUNDLE_IDENTIFIER = AmmarDev.DriverDemoUITests;
				PRODUCT_NAME = "$(TARGET_NAME)";
				SWIFT_EMIT_LOC_STRINGS = NO;
				SWIFT_VERSION = 5.0;
				TARGETED_DEVICE_FAMILY = "1,2";
				TEST_TARGET_NAME = DriverDemo;
			};
			name = Release;
		};
/* End XCBuildConfiguration section */

/* Begin XCConfigurationList section */
		F0840A5F2B92F587003C3495 /* Build configuration list for PBXProject "DriverDemo" */ = {
			isa = XCConfigurationList;
			buildConfigurations = (
				F0840A862B92F590003C3495 /* Debug */,
				F0840A872B92F590003C3495 /* Release */,
			);
			defaultConfigurationIsVisible = 0;
			defaultConfigurationName = Release;
		};
		F0840A882B92F590003C3495 /* Build configuration list for PBXNativeTarget "DriverDemo" */ = {
			isa = XCConfigurationList;
			buildConfigurations = (
				F0840A892B92F590003C3495 /* Debug */,
				F0840A8A2B92F590003C3495 /* Release */,
			);
			defaultConfigurationIsVisible = 0;
			defaultConfigurationName = Release;
		};
		F0840A8B2B92F590003C3495 /* Build configuration list for PBXNativeTarget "DriverDemoTests" */ = {
			isa = XCConfigurationList;
			buildConfigurations = (
				F0840A8C2B92F590003C3495 /* Debug */,
				F0840A8D2B92F590003C3495 /* Release */,
			);
			defaultConfigurationIsVisible = 0;
			defaultConfigurationName = Release;
		};
		F0840A8E2B92F590003C3495 /* Build configuration list for PBXNativeTarget "DriverDemoUITests" */ = {
			isa = XCConfigurationList;
			buildConfigurations = (
				F0840A8F2B92F590003C3495 /* Debug */,
				F0840A902B92F590003C3495 /* Release */,
			);
			defaultConfigurationIsVisible = 0;
			defaultConfigurationName = Release;
		};
/* End XCConfigurationList section */
	};
	rootObject = F0840A5C2B92F587003C3495 /* Project object */;
}
